// !$*UTF8*$!
{
	archiveVersion = 1;
	classes = {
	};
	objectVersion = 46;
	objects = {

/* Begin PBXBuildFile section */
		8189B2551C21191900248625 /* AppDelegate.swift in Sources */ = {isa = PBXBuildFile; fileRef = 8189B2541C21191900248625 /* AppDelegate.swift */; };
		8189B25A1C21191900248625 /* Main.storyboard in Resources */ = {isa = PBXBuildFile; fileRef = 8189B2581C21191900248625 /* Main.storyboard */; };
		8189B25C1C21191900248625 /* Assets.xcassets in Resources */ = {isa = PBXBuildFile; fileRef = 8189B25B1C21191900248625 /* Assets.xcassets */; };
		8189B25F1C21191900248625 /* LaunchScreen.storyboard in Resources */ = {isa = PBXBuildFile; fileRef = 8189B25D1C21191900248625 /* LaunchScreen.storyboard */; };
/* End PBXBuildFile section */

/* Begin PBXFileReference section */
		8189B2511C21191900248625 /* Clima3.app */ = {isa = PBXFileReference; explicitFileType = wrapper.application; includeInIndex = 0; path = Clima3.app; sourceTree = BUILT_PRODUCTS_DIR; };
		8189B2541C21191900248625 /* AppDelegate.swift */ = {isa = PBXFileReference; lastKnownFileType = sourcecode.swift; path = AppDelegate.swift; sourceTree = "<group>"; };
		8189B2591C21191900248625 /* Base */ = {isa = PBXFileReference; lastKnownFileType = file.storyboard; name = Base; path = Base.lproj/Main.storyboard; sourceTree = "<group>"; };
		8189B25B1C21191900248625 /* Assets.xcassets */ = {isa = PBXFileReference; lastKnownFileType = folder.assetcatalog; path = Assets.xcassets; sourceTree = "<group>"; };
		8189B25E1C21191900248625 /* Base */ = {isa = PBXFileReference; lastKnownFileType = file.storyboard; name = Base; path = Base.lproj/LaunchScreen.storyboard; sourceTree = "<group>"; };
		8189B2601C21191900248625 /* Info.plist */ = {isa = PBXFileReference; lastKnownFileType = text.plist.xml; path = Info.plist; sourceTree = "<group>"; };
/* End PBXFileReference section */

/* Begin PBXFrameworksBuildPhase section */
		8189B24E1C21191900248625 /* Frameworks */ = {
			isa = PBXFrameworksBuildPhase;
			buildActionMask = 2147483647;
			files = (
			);
			runOnlyForDeploymentPostprocessing = 0;
		};
/* End PBXFrameworksBuildPhase section */

/* Begin PBXGroup section */
		8189B2481C21191900248625 = {
			isa = PBXGroup;
			children = (
				8189B2531C21191900248625 /* Clima3 */,
				8189B2521C21191900248625 /* Products */,
			);
			sourceTree = "<group>";
		};
		8189B2521C21191900248625 /* Products */ = {
			isa = PBXGroup;
			children = (
				8189B2511C21191900248625 /* Clima3.app */,
			);
			name = Products;
			sourceTree = "<group>";
		};
		8189B2531C21191900248625 /* Clima3 */ = {
			isa = PBXGroup;
			children = (
				8189B2541C21191900248625 /* AppDelegate.swift */,
				8189B2581C21191900248625 /* Main.storyboard */,
				8189B25B1C21191900248625 /* Assets.xcassets */,
				8189B25D1C21191900248625 /* LaunchScreen.storyboard */,
				8189B2601C21191900248625 /* Info.plist */,
			);
			path = Clima3;
			sourceTree = "<group>";
		};
/* End PBXGroup section */

/* Begin PBXNativeTarget section */
		8189B2501C21191900248625 /* Clima3 */ = {
			isa = PBXNativeTarget;
			buildConfigurationList = 8189B2631C21191900248625 /* Build configuration list for PBXNativeTarget "Clima3" */;
			buildPhases = (
				8189B24D1C21191900248625 /* Sources */,
				8189B24E1C21191900248625 /* Frameworks */,
				8189B24F1C21191900248625 /* Resources */,
			);
			buildRules = (
			);
			dependencies = (
			);
			name = Clima3;
			productName = Clima3;
			productReference = 8189B2511C21191900248625 /* Clima3.app */;
			productType = "com.apple.product-type.application";
		};
/* End PBXNativeTarget section */

/* Begin PBXProject section */
		8189B2491C21191900248625 /* Project object */ = {
			isa = PBXProject;
			attributes = {
				LastSwiftUpdateCheck = 0720;
				LastUpgradeCheck = 0720;
				ORGANIZATIONNAME = Trenx;
				TargetAttributes = {
					8189B2501C21191900248625 = {
						CreatedOnToolsVersion = 7.2;
						DevelopmentTeam = NUT7SFZWGF;
					};
				};
			};
			buildConfigurationList = 8189B24C1C21191900248625 /* Build configuration list for PBXProject "Clima3" */;
			compatibilityVersion = "Xcode 3.2";
			developmentRegion = English;
			hasScannedForEncodings = 0;
			knownRegions = (
				en,
				Base,
			);
			mainGroup = 8189B2481C21191900248625;
			productRefGroup = 8189B2521C21191900248625 /* Products */;
			projectDirPath = "";
			projectRoot = "";
			targets = (
				8189B2501C21191900248625 /* Clima3 */,
			);
		};
/* End PBXProject section */

/* Begin PBXResourcesBuildPhase section */
		8189B24F1C21191900248625 /* Resources */ = {
			isa = PBXResourcesBuildPhase;
			buildActionMask = 2147483647;
			files = (
				8189B25F1C21191900248625 /* LaunchScreen.storyboard in Resources */,
				8189B25C1C21191900248625 /* Assets.xcassets in Resources */,
				8189B25A1C21191900248625 /* Main.storyboard in Resources */,
			);
			runOnlyForDeploymentPostprocessing = 0;
		};
/* End PBXResourcesBuildPhase section */

/* Begin PBXSourcesBuildPhase section */
		8189B24D1C21191900248625 /* Sources */ = {
			isa = PBXSourcesBuildPhase;
			buildActionMask = 2147483647;
			files = (
				8189B2551C21191900248625 /* AppDelegate.swift in Sources */,
			);
			runOnlyForDeploymentPostprocessing = 0;
		};
/* End PBXSourcesBuildPhase section */

/* Begin PBXVariantGroup section */
		8189B2581C21191900248625 /* Main.storyboard */ = {
			isa = PBXVariantGroup;
			children = (
				8189B2591C21191900248625 /* Base */,
			);
			name = Main.storyboard;
			sourceTree = "<group>";
		};
		8189B25D1C21191900248625 /* LaunchScreen.storyboard */ = {
			isa = PBXVariantGroup;
			children = (
				8189B25E1C21191900248625 /* Base */,
			);
			name = LaunchScreen.storyboard;
			sourceTree = "<group>";
		};
/* End PBXVariantGroup section */

/* Begin XCBuildConfiguration section */
		8189B2611C21191900248625 /* Debug */ = {
			isa = XCBuildConfiguration;
			buildSettings = {
				ALWAYS_SEARCH_USER_PATHS = NO;
				CLANG_CXX_LANGUAGE_STANDARD = "gnu++0x";
				CLANG_CXX_LIBRARY = "libc++";
				CLANG_ENABLE_MODULES = YES;
				CLANG_ENABLE_OBJC_ARC = YES;
				CLANG_WARN_BOOL_CONVERSION = YES;
				CLANG_WARN_CONSTANT_CONVERSION = YES;
				CLANG_WARN_DIRECT_OBJC_ISA_USAGE = YES_ERROR;
				CLANG_WARN_EMPTY_BODY = YES;
				CLANG_WARN_ENUM_CONVERSION = YES;
				CLANG_WARN_INT_CONVERSION = YES;
				CLANG_WARN_OBJC_ROOT_CLASS = YES_ERROR;
				CLANG_WARN_UNREACHABLE_CODE = YES;
				CLANG_WARN__DUPLICATE_METHOD_MATCH = YES;
				"CODE_SIGN_IDENTITY[sdk=iphoneos*]" = "iPhone Developer";
				COPY_PHASE_STRIP = NO;
				DEBUG_INFORMATION_FORMAT = dwarf;
				ENABLE_STRICT_OBJC_MSGSEND = YES;
				ENABLE_TESTABILITY = YES;
				GCC_C_LANGUAGE_STANDARD = gnu99;
				GCC_DYNAMIC_NO_PIC = NO;
				GCC_NO_COMMON_BLOCKS = YES;
				GCC_OPTIMIZATION_LEVEL = 0;
				GCC_PREPROCESSOR_DEFINITIONS = (
					"DEBUG=1",
					"$(inherited)",
				);
				GCC_WARN_64_TO_32_BIT_CONVERSION = YES;
				GCC_WARN_ABOUT_RETURN_TYPE = YES_ERROR;
				GCC_WARN_UNDECLARED_SELECTOR = YES;
				GCC_WARN_UNINITIALIZED_AUTOS = YES_AGGRESSIVE;
				GCC_WARN_UNUSED_FUNCTION = YES;
				GCC_WARN_UNUSED_VARIABLE = YES;
				IPHONEOS_DEPLOYMENT_TARGET = 9.2;
				MTL_ENABLE_DEBUG_INFO = YES;
				ONLY_ACTIVE_ARCH = YES;
				SDKROOT = iphoneos;
				SWIFT_OPTIMIZATION_LEVEL = "-Onone";
				TARGETED_DEVICE_FAMILY = "1,2";
			};
			name = Debug;
		};
		8189B2621C21191900248625 /* Release */ = {
			isa = XCBuildConfiguration;
			buildSettings = {
				ALWAYS_SEARCH_USER_PATHS = NO;
				CLANG_CXX_LANGUAGE_STANDARD = "gnu++0x";
				CLANG_CXX_LIBRARY = "libc++";
				CLANG_ENABLE_MODULES = YES;
				CLANG_ENABLE_OBJC_ARC = YES;
				CLANG_WARN_BOOL_CONVERSION = YES;
				CLANG_WARN_CONSTANT_CONVERSION = YES;
				CLANG_WARN_DIRECT_OBJC_ISA_USAGE = YES_ERROR;
				CLANG_WARN_EMPTY_BODY = YES;
				CLANG_WARN_ENUM_CONVERSION = YES;
				CLANG_WARN_INT_CONVERSION = YES;
				CLANG_WARN_OBJC_ROOT_CLASS = YES_ERROR;
				CLANG_WARN_UNREACHABLE_CODE = YES;
				CLANG_WARN__DUPLICATE_METHOD_MATCH = YES;
				"CODE_SIGN_IDENTITY[sdk=iphoneos*]" = "iPhone Developer";
				COPY_PHASE_STRIP = NO;
				DEBUG_INFORMATION_FORMAT = "dwarf-with-dsym";
				ENABLE_NS_ASSERTIONS = NO;
				ENABLE_STRICT_OBJC_MSGSEND = YES;
				GCC_C_LANGUAGE_STANDARD = gnu99;
				GCC_NO_COMMON_BLOCKS = YES;
				GCC_WARN_64_TO_32_BIT_CONVERSION = YES;
				GCC_WARN_ABOUT_RETURN_TYPE = YES_ERROR;
				GCC_WARN_UNDECLARED_SELECTOR = YES;
				GCC_WARN_UNINITIALIZED_AUTOS = YES_AGGRESSIVE;
				GCC_WARN_UNUSED_FUNCTION = YES;
				GCC_WARN_UNUSED_VARIABLE = YES;
				IPHONEOS_DEPLOYMENT_TARGET = 9.2;
				MTL_ENABLE_DEBUG_INFO = NO;
				SDKROOT = iphoneos;
				TARGETED_DEVICE_FAMILY = "1,2";
				VALIDATE_PRODUCT = YES;
			};
			name = Release;
		};
		8189B2641C21191900248625 /* Debug */ = {
			isa = XCBuildConfiguration;
			buildSettings = {
				ASSETCATALOG_COMPILER_APPICON_NAME = AppIcon;
				INFOPLIST_FILE = Clima3/Info.plist;
				LD_RUNPATH_SEARCH_PATHS = "$(inherited) @executable_path/Frameworks";
				PRODUCT_BUNDLE_IDENTIFIER = Trenx.Clima3;
				PRODUCT_NAME = "$(TARGET_NAME)";
			};
			name = Debug;
		};
		8189B2651C21191900248625 /* Release */ = {
			isa = XCBuildConfiguration;
			buildSettings = {
				ASSETCATALOG_COMPILER_APPICON_NAME = AppIcon;
				INFOPLIST_FILE = Clima3/Info.plist;
				LD_RUNPATH_SEARCH_PATHS = "$(inherited) @executable_path/Frameworks";
				PRODUCT_BUNDLE_IDENTIFIER = Trenx.Clima3;
				PRODUCT_NAME = "$(TARGET_NAME)";
			};
			name = Release;
		};
/* End XCBuildConfiguration section */

/* Begin XCConfigurationList section */
		8189B24C1C21191900248625 /* Build configuration list for PBXProject "Clima3" */ = {
			isa = XCConfigurationList;
			buildConfigurations = (
				8189B2611C21191900248625 /* Debug */,
				8189B2621C21191900248625 /* Release */,
			);
			defaultConfigurationIsVisible = 0;
			defaultConfigurationName = Release;
		};
		8189B2631C21191900248625 /* Build configuration list for PBXNativeTarget "Clima3" */ = {
			isa = XCConfigurationList;
			buildConfigurations = (
				8189B2641C21191900248625 /* Debug */,
				8189B2651C21191900248625 /* Release */,
			);
			defaultConfigurationIsVisible = 0;
		};
/* End XCConfigurationList section */
	};
	rootObject = 8189B2491C21191900248625 /* Project object */;
}
